// !$*UTF8*$!
{
	archiveVersion = 1;
	classes = {
	};
	objectVersion = 46;
	objects = {

/* Begin PBXBuildFile section */
		6421428B1A859959008B8743 /* main.m in Sources */ = {isa = PBXBuildFile; fileRef = 6421428A1A859959008B8743 /* main.m */; };
		6421428E1A859959008B8743 /* AppDelegate.m in Sources */ = {isa = PBXBuildFile; fileRef = 6421428D1A859959008B8743 /* AppDelegate.m */; };
		642142911A859959008B8743 /* ViewController.m in Sources */ = {isa = PBXBuildFile; fileRef = 642142901A859959008B8743 /* ViewController.m */; };
		642142941A859959008B8743 /* Main.storyboard in Resources */ = {isa = PBXBuildFile; fileRef = 642142921A859959008B8743 /* Main.storyboard */; };
		642142961A859959008B8743 /* Images.xcassets in Resources */ = {isa = PBXBuildFile; fileRef = 642142951A859959008B8743 /* Images.xcassets */; };
		642142991A85995A008B8743 /* LaunchScreen.xib in Resources */ = {isa = PBXBuildFile; fileRef = 642142971A85995A008B8743 /* LaunchScreen.xib */; };
		642142A51A85995A008B8743 /* Oaxaca_PushTests.m in Sources */ = {isa = PBXBuildFile; fileRef = 642142A41A85995A008B8743 /* Oaxaca_PushTests.m */; };
/* End PBXBuildFile section */

/* Begin PBXContainerItemProxy section */
		6421429F1A85995A008B8743 /* PBXContainerItemProxy */ = {
			isa = PBXContainerItemProxy;
			containerPortal = 6421427D1A859959008B8743 /* Project object */;
			proxyType = 1;
			remoteGlobalIDString = 642142841A859959008B8743;
			remoteInfo = "Oaxaca Push";
		};
/* End PBXContainerItemProxy section */

/* Begin PBXFileReference section */
		642142851A859959008B8743 /* Oaxaca Push.app */ = {isa = PBXFileReference; explicitFileType = wrapper.application; includeInIndex = 0; path = "Oaxaca Push.app"; sourceTree = BUILT_PRODUCTS_DIR; };
		642142891A859959008B8743 /* Info.plist */ = {isa = PBXFileReference; lastKnownFileType = text.plist.xml; path = Info.plist; sourceTree = "<group>"; };
		6421428A1A859959008B8743 /* main.m */ = {isa = PBXFileReference; lastKnownFileType = sourcecode.c.objc; path = main.m; sourceTree = "<group>"; };
		6421428C1A859959008B8743 /* AppDelegate.h */ = {isa = PBXFileReference; lastKnownFileType = sourcecode.c.h; path = AppDelegate.h; sourceTree = "<group>"; };
		6421428D1A859959008B8743 /* AppDelegate.m */ = {isa = PBXFileReference; lastKnownFileType = sourcecode.c.objc; path = AppDelegate.m; sourceTree = "<group>"; };
		6421428F1A859959008B8743 /* ViewController.h */ = {isa = PBXFileReference; lastKnownFileType = sourcecode.c.h; path = ViewController.h; sourceTree = "<group>"; };
		642142901A859959008B8743 /* ViewController.m */ = {isa = PBXFileReference; lastKnownFileType = sourcecode.c.objc; path = ViewController.m; sourceTree = "<group>"; };
		642142931A859959008B8743 /* Base */ = {isa = PBXFileReference; lastKnownFileType = file.storyboard; name = Base; path = Base.lproj/Main.storyboard; sourceTree = "<group>"; };
		642142951A859959008B8743 /* Images.xcassets */ = {isa = PBXFileReference; lastKnownFileType = folder.assetcatalog; path = Images.xcassets; sourceTree = "<group>"; };
		642142981A85995A008B8743 /* Base */ = {isa = PBXFileReference; lastKnownFileType = file.xib; name = Base; path = Base.lproj/LaunchScreen.xib; sourceTree = "<group>"; };
		6421429E1A85995A008B8743 /* Oaxaca PushTests.xctest */ = {isa = PBXFileReference; explicitFileType = wrapper.cfbundle; includeInIndex = 0; path = "Oaxaca PushTests.xctest"; sourceTree = BUILT_PRODUCTS_DIR; };
		642142A31A85995A008B8743 /* Info.plist */ = {isa = PBXFileReference; lastKnownFileType = text.plist.xml; path = Info.plist; sourceTree = "<group>"; };
		642142A41A85995A008B8743 /* Oaxaca_PushTests.m */ = {isa = PBXFileReference; lastKnownFileType = sourcecode.c.objc; path = Oaxaca_PushTests.m; sourceTree = "<group>"; };
/* End PBXFileReference section */

/* Begin PBXFrameworksBuildPhase section */
		642142821A859959008B8743 /* Frameworks */ = {
			isa = PBXFrameworksBuildPhase;
			buildActionMask = 2147483647;
			files = (
			);
			runOnlyForDeploymentPostprocessing = 0;
		};
		6421429B1A85995A008B8743 /* Frameworks */ = {
			isa = PBXFrameworksBuildPhase;
			buildActionMask = 2147483647;
			files = (
			);
			runOnlyForDeploymentPostprocessing = 0;
		};
/* End PBXFrameworksBuildPhase section */

/* Begin PBXGroup section */
		6421427C1A859959008B8743 = {
			isa = PBXGroup;
			children = (
				642142871A859959008B8743 /* Oaxaca Push */,
				642142A11A85995A008B8743 /* Oaxaca PushTests */,
				642142861A859959008B8743 /* Products */,
			);
			sourceTree = "<group>";
		};
		642142861A859959008B8743 /* Products */ = {
			isa = PBXGroup;
			children = (
				642142851A859959008B8743 /* Oaxaca Push.app */,
				6421429E1A85995A008B8743 /* Oaxaca PushTests.xctest */,
			);
			name = Products;
			sourceTree = "<group>";
		};
		642142871A859959008B8743 /* Oaxaca Push */ = {
			isa = PBXGroup;
			children = (
				6421428C1A859959008B8743 /* AppDelegate.h */,
				6421428D1A859959008B8743 /* AppDelegate.m */,
				6421428F1A859959008B8743 /* ViewController.h */,
				642142901A859959008B8743 /* ViewController.m */,
				642142921A859959008B8743 /* Main.storyboard */,
				642142951A859959008B8743 /* Images.xcassets */,
				642142971A85995A008B8743 /* LaunchScreen.xib */,
				642142881A859959008B8743 /* Supporting Files */,
			);
			path = "Oaxaca Push";
			sourceTree = "<group>";
		};
		642142881A859959008B8743 /* Supporting Files */ = {
			isa = PBXGroup;
			children = (
				642142891A859959008B8743 /* Info.plist */,
				6421428A1A859959008B8743 /* main.m */,
			);
			name = "Supporting Files";
			sourceTree = "<group>";
		};
		642142A11A85995A008B8743 /* Oaxaca PushTests */ = {
			isa = PBXGroup;
			children = (
				642142A41A85995A008B8743 /* Oaxaca_PushTests.m */,
				642142A21A85995A008B8743 /* Supporting Files */,
			);
			path = "Oaxaca PushTests";
			sourceTree = "<group>";
		};
		642142A21A85995A008B8743 /* Supporting Files */ = {
			isa = PBXGroup;
			children = (
				642142A31A85995A008B8743 /* Info.plist */,
			);
			name = "Supporting Files";
			sourceTree = "<group>";
		};
/* End PBXGroup section */

/* Begin PBXNativeTarget section */
		642142841A859959008B8743 /* Oaxaca Push */ = {
			isa = PBXNativeTarget;
			buildConfigurationList = 642142A81A85995A008B8743 /* Build configuration list for PBXNativeTarget "Oaxaca Push" */;
			buildPhases = (
				642142811A859959008B8743 /* Sources */,
				642142821A859959008B8743 /* Frameworks */,
				642142831A859959008B8743 /* Resources */,
			);
			buildRules = (
			);
			dependencies = (
			);
			name = "Oaxaca Push";
			productName = "Oaxaca Push";
			productReference = 642142851A859959008B8743 /* Oaxaca Push.app */;
			productType = "com.apple.product-type.application";
		};
		6421429D1A85995A008B8743 /* Oaxaca PushTests */ = {
			isa = PBXNativeTarget;
			buildConfigurationList = 642142AB1A85995A008B8743 /* Build configuration list for PBXNativeTarget "Oaxaca PushTests" */;
			buildPhases = (
				6421429A1A85995A008B8743 /* Sources */,
				6421429B1A85995A008B8743 /* Frameworks */,
				6421429C1A85995A008B8743 /* Resources */,
			);
			buildRules = (
			);
			dependencies = (
				642142A01A85995A008B8743 /* PBXTargetDependency */,
			);
			name = "Oaxaca PushTests";
			productName = "Oaxaca PushTests";
			productReference = 6421429E1A85995A008B8743 /* Oaxaca PushTests.xctest */;
			productType = "com.apple.product-type.bundle.unit-test";
		};
/* End PBXNativeTarget section */

/* Begin PBXProject section */
		6421427D1A859959008B8743 /* Project object */ = {
			isa = PBXProject;
			attributes = {
				LastUpgradeCheck = 0610;
				ORGANIZATIONNAME = BTICs;
				TargetAttributes = {
					642142841A859959008B8743 = {
						CreatedOnToolsVersion = 6.1.1;
					};
					6421429D1A85995A008B8743 = {
						CreatedOnToolsVersion = 6.1.1;
						TestTargetID = 642142841A859959008B8743;
					};
				};
			};
			buildConfigurationList = 642142801A859959008B8743 /* Build configuration list for PBXProject "Oaxaca Push" */;
			compatibilityVersion = "Xcode 3.2";
			developmentRegion = English;
			hasScannedForEncodings = 0;
			knownRegions = (
				en,
				Base,
			);
			mainGroup = 6421427C1A859959008B8743;
			productRefGroup = 642142861A859959008B8743 /* Products */;
			projectDirPath = "";
			projectRoot = "";
			targets = (
				642142841A859959008B8743 /* Oaxaca Push */,
				6421429D1A85995A008B8743 /* Oaxaca PushTests */,
			);
		};
/* End PBXProject section */

/* Begin PBXResourcesBuildPhase section */
		642142831A859959008B8743 /* Resources */ = {
			isa = PBXResourcesBuildPhase;
			buildActionMask = 2147483647;
			files = (
				642142941A859959008B8743 /* Main.storyboard in Resources */,
				642142991A85995A008B8743 /* LaunchScreen.xib in Resources */,
				642142961A859959008B8743 /* Images.xcassets in Resources */,
			);
			runOnlyForDeploymentPostprocessing = 0;
		};
		6421429C1A85995A008B8743 /* Resources */ = {
			isa = PBXResourcesBuildPhase;
			buildActionMask = 2147483647;
			files = (
			);
			runOnlyForDeploymentPostprocessing = 0;
		};
/* End PBXResourcesBuildPhase section */

/* Begin PBXSourcesBuildPhase section */
		642142811A859959008B8743 /* Sources */ = {
			isa = PBXSourcesBuildPhase;
			buildActionMask = 2147483647;
			files = (
				642142911A859959008B8743 /* ViewController.m in Sources */,
				6421428E1A859959008B8743 /* AppDelegate.m in Sources */,
				6421428B1A859959008B8743 /* main.m in Sources */,
			);
			runOnlyForDeploymentPostprocessing = 0;
		};
		6421429A1A85995A008B8743 /* Sources */ = {
			isa = PBXSourcesBuildPhase;
			buildActionMask = 2147483647;
			files = (
				642142A51A85995A008B8743 /* Oaxaca_PushTests.m in Sources */,
			);
			runOnlyForDeploymentPostprocessing = 0;
		};
/* End PBXSourcesBuildPhase section */

/* Begin PBXTargetDependency section */
		642142A01A85995A008B8743 /* PBXTargetDependency */ = {
			isa = PBXTargetDependency;
			target = 642142841A859959008B8743 /* Oaxaca Push */;
			targetProxy = 6421429F1A85995A008B8743 /* PBXContainerItemProxy */;
		};
/* End PBXTargetDependency section */

/* Begin PBXVariantGroup section */
		642142921A859959008B8743 /* Main.storyboard */ = {
			isa = PBXVariantGroup;
			children = (
				642142931A859959008B8743 /* Base */,
			);
			name = Main.storyboard;
			sourceTree = "<group>";
		};
		642142971A85995A008B8743 /* LaunchScreen.xib */ = {
			isa = PBXVariantGroup;
			children = (
				642142981A85995A008B8743 /* Base */,
			);
			name = LaunchScreen.xib;
			sourceTree = "<group>";
		};
/* End PBXVariantGroup section */

/* Begin XCBuildConfiguration section */
		642142A61A85995A008B8743 /* Debug */ = {
			isa = XCBuildConfiguration;
			buildSettings = {
				ALWAYS_SEARCH_USER_PATHS = NO;
				CLANG_CXX_LANGUAGE_STANDARD = "gnu++0x";
				CLANG_CXX_LIBRARY = "libc++";
				CLANG_ENABLE_MODULES = YES;
				CLANG_ENABLE_OBJC_ARC = YES;
				CLANG_WARN_BOOL_CONVERSION = YES;
				CLANG_WARN_CONSTANT_CONVERSION = YES;
				CLANG_WARN_DIRECT_OBJC_ISA_USAGE = YES_ERROR;
				CLANG_WARN_EMPTY_BODY = YES;
				CLANG_WARN_ENUM_CONVERSION = YES;
				CLANG_WARN_INT_CONVERSION = YES;
				CLANG_WARN_OBJC_ROOT_CLASS = YES_ERROR;
				CLANG_WARN_UNREACHABLE_CODE = YES;
				CLANG_WARN__DUPLICATE_METHOD_MATCH = YES;
				"CODE_SIGN_IDENTITY[sdk=iphoneos*]" = "iPhone Developer";
				COPY_PHASE_STRIP = NO;
				ENABLE_STRICT_OBJC_MSGSEND = YES;
				GCC_C_LANGUAGE_STANDARD = gnu99;
				GCC_DYNAMIC_NO_PIC = NO;
				GCC_OPTIMIZATION_LEVEL = 0;
				GCC_PREPROCESSOR_DEFINITIONS = (
					"DEBUG=1",
					"$(inherited)",
				);
				GCC_SYMBOLS_PRIVATE_EXTERN = NO;
				GCC_WARN_64_TO_32_BIT_CONVERSION = YES;
				GCC_WARN_ABOUT_RETURN_TYPE = YES_ERROR;
				GCC_WARN_UNDECLARED_SELECTOR = YES;
				GCC_WARN_UNINITIALIZED_AUTOS = YES_AGGRESSIVE;
				GCC_WARN_UNUSED_FUNCTION = YES;
				GCC_WARN_UNUSED_VARIABLE = YES;
				IPHONEOS_DEPLOYMENT_TARGET = 8.1;
				MTL_ENABLE_DEBUG_INFO = YES;
				ONLY_ACTIVE_ARCH = YES;
				SDKROOT = iphoneos;
			};
			name = Debug;
		};
		642142A71A85995A008B8743 /* Release */ = {
			isa = XCBuildConfiguration;
			buildSettings = {
				ALWAYS_SEARCH_USER_PATHS = NO;
				CLANG_CXX_LANGUAGE_STANDARD = "gnu++0x";
				CLANG_CXX_LIBRARY = "libc++";
				CLANG_ENABLE_MODULES = YES;
				CLANG_ENABLE_OBJC_ARC = YES;
				CLANG_WARN_BOOL_CONVERSION = YES;
				CLANG_WARN_CONSTANT_CONVERSION = YES;
				CLANG_WARN_DIRECT_OBJC_ISA_USAGE = YES_ERROR;
				CLANG_WARN_EMPTY_BODY = YES;
				CLANG_WARN_ENUM_CONVERSION = YES;
				CLANG_WARN_INT_CONVERSION = YES;
				CLANG_WARN_OBJC_ROOT_CLASS = YES_ERROR;
				CLANG_WARN_UNREACHABLE_CODE = YES;
				CLANG_WARN__DUPLICATE_METHOD_MATCH = YES;
				"CODE_SIGN_IDENTITY[sdk=iphoneos*]" = "iPhone Developer";
				COPY_PHASE_STRIP = YES;
				ENABLE_NS_ASSERTIONS = NO;
				ENABLE_STRICT_OBJC_MSGSEND = YES;
				GCC_C_LANGUAGE_STANDARD = gnu99;
				GCC_WARN_64_TO_32_BIT_CONVERSION = YES;
				GCC_WARN_ABOUT_RETURN_TYPE = YES_ERROR;
				GCC_WARN_UNDECLARED_SELECTOR = YES;
				GCC_WARN_UNINITIALIZED_AUTOS = YES_AGGRESSIVE;
				GCC_WARN_UNUSED_FUNCTION = YES;
				GCC_WARN_UNUSED_VARIABLE = YES;
				IPHONEOS_DEPLOYMENT_TARGET = 8.1;
				MTL_ENABLE_DEBUG_INFO = NO;
				SDKROOT = iphoneos;
				VALIDATE_PRODUCT = YES;
			};
			name = Release;
		};
		642142A91A85995A008B8743 /* Debug */ = {
			isa = XCBuildConfiguration;
			buildSettings = {
				ASSETCATALOG_COMPILER_APPICON_NAME = AppIcon;
				INFOPLIST_FILE = "Oaxaca Push/Info.plist";
				LD_RUNPATH_SEARCH_PATHS = "$(inherited) @executable_path/Frameworks";
				PRODUCT_NAME = "$(TARGET_NAME)";
			};
			name = Debug;
		};
		642142AA1A85995A008B8743 /* Release */ = {
			isa = XCBuildConfiguration;
			buildSettings = {
				ASSETCATALOG_COMPILER_APPICON_NAME = AppIcon;
				INFOPLIST_FILE = "Oaxaca Push/Info.plist";
				LD_RUNPATH_SEARCH_PATHS = "$(inherited) @executable_path/Frameworks";
				PRODUCT_NAME = "$(TARGET_NAME)";
			};
			name = Release;
		};
		642142AC1A85995A008B8743 /* Debug */ = {
			isa = XCBuildConfiguration;
			buildSettings = {
				BUNDLE_LOADER = "$(TEST_HOST)";
				FRAMEWORK_SEARCH_PATHS = (
					"$(SDKROOT)/Developer/Library/Frameworks",
					"$(inherited)",
				);
				GCC_PREPROCESSOR_DEFINITIONS = (
					"DEBUG=1",
					"$(inherited)",
				);
				INFOPLIST_FILE = "Oaxaca PushTests/Info.plist";
				LD_RUNPATH_SEARCH_PATHS = "$(inherited) @executable_path/Frameworks @loader_path/Frameworks";
				PRODUCT_NAME = "$(TARGET_NAME)";
				TEST_HOST = "$(BUILT_PRODUCTS_DIR)/Oaxaca Push.app/Oaxaca Push";
			};
			name = Debug;
		};
		642142AD1A85995A008B8743 /* Release */ = {
			isa = XCBuildConfiguration;
			buildSettings = {
				BUNDLE_LOADER = "$(TEST_HOST)";
				FRAMEWORK_SEARCH_PATHS = (
					"$(SDKROOT)/Developer/Library/Frameworks",
					"$(inherited)",
				);
				INFOPLIST_FILE = "Oaxaca PushTests/Info.plist";
				LD_RUNPATH_SEARCH_PATHS = "$(inherited) @executable_path/Frameworks @loader_path/Frameworks";
				PRODUCT_NAME = "$(TARGET_NAME)";
				TEST_HOST = "$(BUILT_PRODUCTS_DIR)/Oaxaca Push.app/Oaxaca Push";
			};
			name = Release;
		};
/* End XCBuildConfiguration section */

/* Begin XCConfigurationList section */
		642142801A859959008B8743 /* Build configuration list for PBXProject "Oaxaca Push" */ = {
			isa = XCConfigurationList;
			buildConfigurations = (
				642142A61A85995A008B8743 /* Debug */,
				642142A71A85995A008B8743 /* Release */,
			);
			defaultConfigurationIsVisible = 0;
			defaultConfigurationName = Release;
		};
		642142A81A85995A008B8743 /* Build configuration list for PBXNativeTarget "Oaxaca Push" */ = {
			isa = XCConfigurationList;
			buildConfigurations = (
				642142A91A85995A008B8743 /* Debug */,
				642142AA1A85995A008B8743 /* Release */,
			);
			defaultConfigurationIsVisible = 0;
		};
		642142AB1A85995A008B8743 /* Build configuration list for PBXNativeTarget "Oaxaca PushTests" */ = {
			isa = XCConfigurationList;
			buildConfigurations = (
				642142AC1A85995A008B8743 /* Debug */,
				642142AD1A85995A008B8743 /* Release */,
			);
			defaultConfigurationIsVisible = 0;
		};
/* End XCConfigurationList section */
	};
	rootObject = 6421427D1A859959008B8743 /* Project object */;
}
