// !$*UTF8*$!
{
	archiveVersion = 1;
	classes = {
	};
	objectVersion = 46;
	objects = {

/* Begin PBXBuildFile section */
		6421428B1A859959008B8743 /* main.m in Sources */ = {isa = PBXBuildFile; fileRef = 6421428A1A859959008B8743 /* main.m */; };
		6421428E1A859959008B8743 /* AppDelegate.m in Sources */ = {isa = PBXBuildFile; fileRef = 6421428D1A859959008B8743 /* AppDelegate.m */; };
		642142911A859959008B8743 /* ViewController.m in Sources */ = {isa = PBXBuildFile; fileRef = 642142901A859959008B8743 /* ViewController.m */; };
		642142941A859959008B8743 /* Main.storyboard in Resources */ = {isa = PBXBuildFile; fileRef = 642142921A859959008B8743 /* Main.storyboard */; };
		642142961A859959008B8743 /* Images.xcassets in Resources */ = {isa = PBXBuildFile; fileRef = 642142951A859959008B8743 /* Images.xcassets */; };
		642142991A85995A008B8743 /* LaunchScreen.xib in Resources */ = {isa = PBXBuildFile; fileRef = 642142971A85995A008B8743 /* LaunchScreen.xib */; };
		642142A51A85995A008B8743 /* Oaxaca_PushTests.m in Sources */ = {isa = PBXBuildFile; fileRef = 642142A41A85995A008B8743 /* Oaxaca_PushTests.m */; };
		642142CF1A859E18008B8743 /* NSDate+RFC1123.html in Resources */ = {isa = PBXBuildFile; fileRef = 642142B21A859E18008B8743 /* NSDate+RFC1123.html */; };
		642142D01A859E18008B8743 /* NSString+GTMNSStringHTMLAdditions.html in Resources */ = {isa = PBXBuildFile; fileRef = 642142B31A859E18008B8743 /* NSString+GTMNSStringHTMLAdditions.html */; };
		642142D11A859E18008B8743 /* PushNotificationManager.html in Resources */ = {isa = PBXBuildFile; fileRef = 642142B51A859E18008B8743 /* PushNotificationManager.html */; };
		642142D21A859E18008B8743 /* PWNetworkEngine.html in Resources */ = {isa = PBXBuildFile; fileRef = 642142B61A859E18008B8743 /* PWNetworkEngine.html */; };
		642142D31A859E18008B8743 /* PWNetworkOperation.html in Resources */ = {isa = PBXBuildFile; fileRef = 642142B71A859E18008B8743 /* PWNetworkOperation.html */; };
		642142D41A859E18008B8743 /* PWReachability.html in Resources */ = {isa = PBXBuildFile; fileRef = 642142B81A859E18008B8743 /* PWReachability.html */; };
		642142D51A859E18008B8743 /* PWTags.html in Resources */ = {isa = PBXBuildFile; fileRef = 642142B91A859E18008B8743 /* PWTags.html */; };
		642142D61A859E18008B8743 /* PWBeaconAction.html in Resources */ = {isa = PBXBuildFile; fileRef = 642142BB1A859E18008B8743 /* PWBeaconAction.html */; };
		642142D71A859E18008B8743 /* PWSupportedOrientations.html in Resources */ = {isa = PBXBuildFile; fileRef = 642142BC1A859E18008B8743 /* PWSupportedOrientations.html */; };
		642142D81A859E18008B8743 /* styles.css in Resources */ = {isa = PBXBuildFile; fileRef = 642142BE1A859E18008B8743 /* styles.css */; };
		642142D91A859E18008B8743 /* stylesPrint.css in Resources */ = {isa = PBXBuildFile; fileRef = 642142BF1A859E18008B8743 /* stylesPrint.css */; };
		642142DA1A859E18008B8743 /* hierarchy.html in Resources */ = {isa = PBXBuildFile; fileRef = 642142C01A859E18008B8743 /* hierarchy.html */; };
		642142DB1A859E18008B8743 /* button_bar_background.png in Resources */ = {isa = PBXBuildFile; fileRef = 642142C21A859E18008B8743 /* button_bar_background.png */; };
		642142DC1A859E18008B8743 /* disclosure.png in Resources */ = {isa = PBXBuildFile; fileRef = 642142C31A859E18008B8743 /* disclosure.png */; };
		642142DD1A859E18008B8743 /* disclosure_open.png in Resources */ = {isa = PBXBuildFile; fileRef = 642142C41A859E18008B8743 /* disclosure_open.png */; };
		642142DE1A859E18008B8743 /* library_background.png in Resources */ = {isa = PBXBuildFile; fileRef = 642142C51A859E18008B8743 /* library_background.png */; };
		642142DF1A859E18008B8743 /* title_background.png in Resources */ = {isa = PBXBuildFile; fileRef = 642142C61A859E18008B8743 /* title_background.png */; };
		642142E01A859E18008B8743 /* index.html in Resources */ = {isa = PBXBuildFile; fileRef = 642142C71A859E18008B8743 /* index.html */; };
		642142E11A859E18008B8743 /* PushNotificationDelegate.html in Resources */ = {isa = PBXBuildFile; fileRef = 642142C91A859E18008B8743 /* PushNotificationDelegate.html */; };
		642142E21A859E18008B8743 /* Pushwoosh.framework in Frameworks */ = {isa = PBXBuildFile; fileRef = 642142CB1A859E18008B8743 /* Pushwoosh.framework */; };
		642142E31A859E18008B8743 /* LICENSE in Resources */ = {isa = PBXBuildFile; fileRef = 642142CC1A859E18008B8743 /* LICENSE */; };
		642142E41A859E18008B8743 /* README.md in Sources */ = {isa = PBXBuildFile; fileRef = 642142CD1A859E18008B8743 /* README.md */; };
		642142E51A859E18008B8743 /* VERSION.md in Sources */ = {isa = PBXBuildFile; fileRef = 642142CE1A859E18008B8743 /* VERSION.md */; };
		642142E71A859E4B008B8743 /* MobileCoreServices.framework in Frameworks */ = {isa = PBXBuildFile; fileRef = 642142E61A859E4B008B8743 /* MobileCoreServices.framework */; };
/* End PBXBuildFile section */

/* Begin PBXContainerItemProxy section */
		6421429F1A85995A008B8743 /* PBXContainerItemProxy */ = {
			isa = PBXContainerItemProxy;
			containerPortal = 6421427D1A859959008B8743 /* Project object */;
			proxyType = 1;
			remoteGlobalIDString = 642142841A859959008B8743;
			remoteInfo = "Oaxaca Push";
		};
/* End PBXContainerItemProxy section */

/* Begin PBXFileReference section */
		642142851A859959008B8743 /* Oaxaca Push.app */ = {isa = PBXFileReference; explicitFileType = wrapper.application; includeInIndex = 0; path = "Oaxaca Push.app"; sourceTree = BUILT_PRODUCTS_DIR; };
		642142891A859959008B8743 /* Info.plist */ = {isa = PBXFileReference; lastKnownFileType = text.plist.xml; path = Info.plist; sourceTree = "<group>"; };
		6421428A1A859959008B8743 /* main.m */ = {isa = PBXFileReference; lastKnownFileType = sourcecode.c.objc; path = main.m; sourceTree = "<group>"; };
		6421428C1A859959008B8743 /* AppDelegate.h */ = {isa = PBXFileReference; lastKnownFileType = sourcecode.c.h; path = AppDelegate.h; sourceTree = "<group>"; };
		6421428D1A859959008B8743 /* AppDelegate.m */ = {isa = PBXFileReference; lastKnownFileType = sourcecode.c.objc; path = AppDelegate.m; sourceTree = "<group>"; };
		6421428F1A859959008B8743 /* ViewController.h */ = {isa = PBXFileReference; lastKnownFileType = sourcecode.c.h; path = ViewController.h; sourceTree = "<group>"; };
		642142901A859959008B8743 /* ViewController.m */ = {isa = PBXFileReference; lastKnownFileType = sourcecode.c.objc; path = ViewController.m; sourceTree = "<group>"; };
		642142931A859959008B8743 /* Base */ = {isa = PBXFileReference; lastKnownFileType = file.storyboard; name = Base; path = Base.lproj/Main.storyboard; sourceTree = "<group>"; };
		642142951A859959008B8743 /* Images.xcassets */ = {isa = PBXFileReference; lastKnownFileType = folder.assetcatalog; path = Images.xcassets; sourceTree = "<group>"; };
		642142981A85995A008B8743 /* Base */ = {isa = PBXFileReference; lastKnownFileType = file.xib; name = Base; path = Base.lproj/LaunchScreen.xib; sourceTree = "<group>"; };
		6421429E1A85995A008B8743 /* Oaxaca PushTests.xctest */ = {isa = PBXFileReference; explicitFileType = wrapper.cfbundle; includeInIndex = 0; path = "Oaxaca PushTests.xctest"; sourceTree = BUILT_PRODUCTS_DIR; };
		642142A31A85995A008B8743 /* Info.plist */ = {isa = PBXFileReference; lastKnownFileType = text.plist.xml; path = Info.plist; sourceTree = "<group>"; };
		642142A41A85995A008B8743 /* Oaxaca_PushTests.m */ = {isa = PBXFileReference; lastKnownFileType = sourcecode.c.objc; path = Oaxaca_PushTests.m; sourceTree = "<group>"; };
		642142B21A859E18008B8743 /* NSDate+RFC1123.html */ = {isa = PBXFileReference; fileEncoding = 4; lastKnownFileType = text.html.documentation; path = "NSDate+RFC1123.html"; sourceTree = "<group>"; };
		642142B31A859E18008B8743 /* NSString+GTMNSStringHTMLAdditions.html */ = {isa = PBXFileReference; fileEncoding = 4; lastKnownFileType = text.html.documentation; path = "NSString+GTMNSStringHTMLAdditions.html"; sourceTree = "<group>"; };
		642142B51A859E18008B8743 /* PushNotificationManager.html */ = {isa = PBXFileReference; fileEncoding = 4; lastKnownFileType = text.html.documentation; path = PushNotificationManager.html; sourceTree = "<group>"; };
		642142B61A859E18008B8743 /* PWNetworkEngine.html */ = {isa = PBXFileReference; fileEncoding = 4; lastKnownFileType = text.html.documentation; path = PWNetworkEngine.html; sourceTree = "<group>"; };
		642142B71A859E18008B8743 /* PWNetworkOperation.html */ = {isa = PBXFileReference; fileEncoding = 4; lastKnownFileType = text.html.documentation; path = PWNetworkOperation.html; sourceTree = "<group>"; };
		642142B81A859E18008B8743 /* PWReachability.html */ = {isa = PBXFileReference; fileEncoding = 4; lastKnownFileType = text.html.documentation; path = PWReachability.html; sourceTree = "<group>"; };
		642142B91A859E18008B8743 /* PWTags.html */ = {isa = PBXFileReference; fileEncoding = 4; lastKnownFileType = text.html.documentation; path = PWTags.html; sourceTree = "<group>"; };
		642142BB1A859E18008B8743 /* PWBeaconAction.html */ = {isa = PBXFileReference; fileEncoding = 4; lastKnownFileType = text.html.documentation; path = PWBeaconAction.html; sourceTree = "<group>"; };
		642142BC1A859E18008B8743 /* PWSupportedOrientations.html */ = {isa = PBXFileReference; fileEncoding = 4; lastKnownFileType = text.html.documentation; path = PWSupportedOrientations.html; sourceTree = "<group>"; };
		642142BE1A859E18008B8743 /* styles.css */ = {isa = PBXFileReference; fileEncoding = 4; lastKnownFileType = text.css; path = styles.css; sourceTree = "<group>"; };
		642142BF1A859E18008B8743 /* stylesPrint.css */ = {isa = PBXFileReference; fileEncoding = 4; lastKnownFileType = text.css; path = stylesPrint.css; sourceTree = "<group>"; };
		642142C01A859E18008B8743 /* hierarchy.html */ = {isa = PBXFileReference; fileEncoding = 4; lastKnownFileType = text.html.documentation; path = hierarchy.html; sourceTree = "<group>"; };
		642142C21A859E18008B8743 /* button_bar_background.png */ = {isa = PBXFileReference; lastKnownFileType = image.png; path = button_bar_background.png; sourceTree = "<group>"; };
		642142C31A859E18008B8743 /* disclosure.png */ = {isa = PBXFileReference; lastKnownFileType = image.png; path = disclosure.png; sourceTree = "<group>"; };
		642142C41A859E18008B8743 /* disclosure_open.png */ = {isa = PBXFileReference; lastKnownFileType = image.png; path = disclosure_open.png; sourceTree = "<group>"; };
		642142C51A859E18008B8743 /* library_background.png */ = {isa = PBXFileReference; lastKnownFileType = image.png; path = library_background.png; sourceTree = "<group>"; };
		642142C61A859E18008B8743 /* title_background.png */ = {isa = PBXFileReference; lastKnownFileType = image.png; path = title_background.png; sourceTree = "<group>"; };
		642142C71A859E18008B8743 /* index.html */ = {isa = PBXFileReference; fileEncoding = 4; lastKnownFileType = text.html.documentation; path = index.html; sourceTree = "<group>"; };
		642142C91A859E18008B8743 /* PushNotificationDelegate.html */ = {isa = PBXFileReference; fileEncoding = 4; lastKnownFileType = text.html.documentation; path = PushNotificationDelegate.html; sourceTree = "<group>"; };
		642142CB1A859E18008B8743 /* Pushwoosh.framework */ = {isa = PBXFileReference; lastKnownFileType = wrapper.framework; path = Pushwoosh.framework; sourceTree = "<group>"; };
		642142CC1A859E18008B8743 /* LICENSE */ = {isa = PBXFileReference; fileEncoding = 4; lastKnownFileType = text; path = LICENSE; sourceTree = "<group>"; };
		642142CD1A859E18008B8743 /* README.md */ = {isa = PBXFileReference; fileEncoding = 4; lastKnownFileType = net.daringfireball.markdown; path = README.md; sourceTree = "<group>"; };
		642142CE1A859E18008B8743 /* VERSION.md */ = {isa = PBXFileReference; fileEncoding = 4; lastKnownFileType = net.daringfireball.markdown; path = VERSION.md; sourceTree = "<group>"; };
		642142E61A859E4B008B8743 /* MobileCoreServices.framework */ = {isa = PBXFileReference; lastKnownFileType = wrapper.framework; name = MobileCoreServices.framework; path = System/Library/Frameworks/MobileCoreServices.framework; sourceTree = SDKROOT; };
/* End PBXFileReference section */

/* Begin PBXFrameworksBuildPhase section */
		642142821A859959008B8743 /* Frameworks */ = {
			isa = PBXFrameworksBuildPhase;
			buildActionMask = 2147483647;
			files = (
				642142E71A859E4B008B8743 /* MobileCoreServices.framework in Frameworks */,
				642142E21A859E18008B8743 /* Pushwoosh.framework in Frameworks */,
			);
			runOnlyForDeploymentPostprocessing = 0;
		};
		6421429B1A85995A008B8743 /* Frameworks */ = {
			isa = PBXFrameworksBuildPhase;
			buildActionMask = 2147483647;
			files = (
			);
			runOnlyForDeploymentPostprocessing = 0;
		};
/* End PBXFrameworksBuildPhase section */

/* Begin PBXGroup section */
		6421427C1A859959008B8743 = {
			isa = PBXGroup;
			children = (
				642142871A859959008B8743 /* Oaxaca Push */,
				642142A11A85995A008B8743 /* Oaxaca PushTests */,
				642142861A859959008B8743 /* Products */,
			);
			sourceTree = "<group>";
		};
		642142861A859959008B8743 /* Products */ = {
			isa = PBXGroup;
			children = (
				642142851A859959008B8743 /* Oaxaca Push.app */,
				6421429E1A85995A008B8743 /* Oaxaca PushTests.xctest */,
			);
			name = Products;
			sourceTree = "<group>";
		};
		642142871A859959008B8743 /* Oaxaca Push */ = {
			isa = PBXGroup;
			children = (
				6421428C1A859959008B8743 /* AppDelegate.h */,
				6421428D1A859959008B8743 /* AppDelegate.m */,
				6421428F1A859959008B8743 /* ViewController.h */,
				642142901A859959008B8743 /* ViewController.m */,
				642142921A859959008B8743 /* Main.storyboard */,
				642142951A859959008B8743 /* Images.xcassets */,
				642142971A85995A008B8743 /* LaunchScreen.xib */,
				642142AE1A859E03008B8743 /* Frameworks */,
				642142881A859959008B8743 /* Supporting Files */,
			);
			path = "Oaxaca Push";
			sourceTree = "<group>";
		};
		642142881A859959008B8743 /* Supporting Files */ = {
			isa = PBXGroup;
			children = (
				642142891A859959008B8743 /* Info.plist */,
				6421428A1A859959008B8743 /* main.m */,
			);
			name = "Supporting Files";
			sourceTree = "<group>";
		};
		642142A11A85995A008B8743 /* Oaxaca PushTests */ = {
			isa = PBXGroup;
			children = (
				642142A41A85995A008B8743 /* Oaxaca_PushTests.m */,
				642142A21A85995A008B8743 /* Supporting Files */,
			);
			path = "Oaxaca PushTests";
			sourceTree = "<group>";
		};
		642142A21A85995A008B8743 /* Supporting Files */ = {
			isa = PBXGroup;
			children = (
				642142A31A85995A008B8743 /* Info.plist */,
			);
			name = "Supporting Files";
			sourceTree = "<group>";
		};
		642142AE1A859E03008B8743 /* Frameworks */ = {
			isa = PBXGroup;
			children = (
				642142E61A859E4B008B8743 /* MobileCoreServices.framework */,
				642142AF1A859E18008B8743 /* pushwoosh-ios-sdk-master */,
			);
			name = Frameworks;
			sourceTree = "<group>";
		};
		642142AF1A859E18008B8743 /* pushwoosh-ios-sdk-master */ = {
			isa = PBXGroup;
			children = (
				642142B01A859E18008B8743 /* Documentation */,
				642142CA1A859E18008B8743 /* Framework */,
				642142CC1A859E18008B8743 /* LICENSE */,
				642142CD1A859E18008B8743 /* README.md */,
				642142CE1A859E18008B8743 /* VERSION.md */,
			);
			path = "pushwoosh-ios-sdk-master";
			sourceTree = SOURCE_ROOT;
		};
		642142B01A859E18008B8743 /* Documentation */ = {
			isa = PBXGroup;
			children = (
				642142B11A859E18008B8743 /* Categories */,
				642142B41A859E18008B8743 /* Classes */,
				642142BA1A859E18008B8743 /* Constants */,
				642142BD1A859E18008B8743 /* css */,
				642142C01A859E18008B8743 /* hierarchy.html */,
				642142C11A859E18008B8743 /* img */,
				642142C71A859E18008B8743 /* index.html */,
				642142C81A859E18008B8743 /* Protocols */,
			);
			path = Documentation;
			sourceTree = "<group>";
		};
		642142B11A859E18008B8743 /* Categories */ = {
			isa = PBXGroup;
			children = (
				642142B21A859E18008B8743 /* NSDate+RFC1123.html */,
				642142B31A859E18008B8743 /* NSString+GTMNSStringHTMLAdditions.html */,
			);
			path = Categories;
			sourceTree = "<group>";
		};
		642142B41A859E18008B8743 /* Classes */ = {
			isa = PBXGroup;
			children = (
				642142B51A859E18008B8743 /* PushNotificationManager.html */,
				642142B61A859E18008B8743 /* PWNetworkEngine.html */,
				642142B71A859E18008B8743 /* PWNetworkOperation.html */,
				642142B81A859E18008B8743 /* PWReachability.html */,
				642142B91A859E18008B8743 /* PWTags.html */,
			);
			path = Classes;
			sourceTree = "<group>";
		};
		642142BA1A859E18008B8743 /* Constants */ = {
			isa = PBXGroup;
			children = (
				642142BB1A859E18008B8743 /* PWBeaconAction.html */,
				642142BC1A859E18008B8743 /* PWSupportedOrientations.html */,
			);
			path = Constants;
			sourceTree = "<group>";
		};
		642142BD1A859E18008B8743 /* css */ = {
			isa = PBXGroup;
			children = (
				642142BE1A859E18008B8743 /* styles.css */,
				642142BF1A859E18008B8743 /* stylesPrint.css */,
			);
			path = css;
			sourceTree = "<group>";
		};
		642142C11A859E18008B8743 /* img */ = {
			isa = PBXGroup;
			children = (
				642142C21A859E18008B8743 /* button_bar_background.png */,
				642142C31A859E18008B8743 /* disclosure.png */,
				642142C41A859E18008B8743 /* disclosure_open.png */,
				642142C51A859E18008B8743 /* library_background.png */,
				642142C61A859E18008B8743 /* title_background.png */,
			);
			path = img;
			sourceTree = "<group>";
		};
		642142C81A859E18008B8743 /* Protocols */ = {
			isa = PBXGroup;
			children = (
				642142C91A859E18008B8743 /* PushNotificationDelegate.html */,
			);
			path = Protocols;
			sourceTree = "<group>";
		};
		642142CA1A859E18008B8743 /* Framework */ = {
			isa = PBXGroup;
			children = (
				642142CB1A859E18008B8743 /* Pushwoosh.framework */,
			);
			path = Framework;
			sourceTree = "<group>";
		};
/* End PBXGroup section */

/* Begin PBXNativeTarget section */
		642142841A859959008B8743 /* Oaxaca Push */ = {
			isa = PBXNativeTarget;
			buildConfigurationList = 642142A81A85995A008B8743 /* Build configuration list for PBXNativeTarget "Oaxaca Push" */;
			buildPhases = (
				642142811A859959008B8743 /* Sources */,
				642142821A859959008B8743 /* Frameworks */,
				642142831A859959008B8743 /* Resources */,
			);
			buildRules = (
			);
			dependencies = (
			);
			name = "Oaxaca Push";
			productName = "Oaxaca Push";
			productReference = 642142851A859959008B8743 /* Oaxaca Push.app */;
			productType = "com.apple.product-type.application";
		};
		6421429D1A85995A008B8743 /* Oaxaca PushTests */ = {
			isa = PBXNativeTarget;
			buildConfigurationList = 642142AB1A85995A008B8743 /* Build configuration list for PBXNativeTarget "Oaxaca PushTests" */;
			buildPhases = (
				6421429A1A85995A008B8743 /* Sources */,
				6421429B1A85995A008B8743 /* Frameworks */,
				6421429C1A85995A008B8743 /* Resources */,
			);
			buildRules = (
			);
			dependencies = (
				642142A01A85995A008B8743 /* PBXTargetDependency */,
			);
			name = "Oaxaca PushTests";
			productName = "Oaxaca PushTests";
			productReference = 6421429E1A85995A008B8743 /* Oaxaca PushTests.xctest */;
			productType = "com.apple.product-type.bundle.unit-test";
		};
/* End PBXNativeTarget section */

/* Begin PBXProject section */
		6421427D1A859959008B8743 /* Project object */ = {
			isa = PBXProject;
			attributes = {
				LastUpgradeCheck = 0610;
				ORGANIZATIONNAME = BTICs;
				TargetAttributes = {
					642142841A859959008B8743 = {
						CreatedOnToolsVersion = 6.1.1;
						DevelopmentTeam = QXF33N93KH;
					};
					6421429D1A85995A008B8743 = {
						CreatedOnToolsVersion = 6.1.1;
						TestTargetID = 642142841A859959008B8743;
					};
				};
			};
			buildConfigurationList = 642142801A859959008B8743 /* Build configuration list for PBXProject "Oaxaca Push" */;
			compatibilityVersion = "Xcode 3.2";
			developmentRegion = English;
			hasScannedForEncodings = 0;
			knownRegions = (
				en,
				Base,
			);
			mainGroup = 6421427C1A859959008B8743;
			productRefGroup = 642142861A859959008B8743 /* Products */;
			projectDirPath = "";
			projectRoot = "";
			targets = (
				642142841A859959008B8743 /* Oaxaca Push */,
				6421429D1A85995A008B8743 /* Oaxaca PushTests */,
			);
		};
/* End PBXProject section */

/* Begin PBXResourcesBuildPhase section */
		642142831A859959008B8743 /* Resources */ = {
			isa = PBXResourcesBuildPhase;
			buildActionMask = 2147483647;
			files = (
				642142E01A859E18008B8743 /* index.html in Resources */,
				642142D21A859E18008B8743 /* PWNetworkEngine.html in Resources */,
				642142DE1A859E18008B8743 /* library_background.png in Resources */,
				642142D61A859E18008B8743 /* PWBeaconAction.html in Resources */,
				642142941A859959008B8743 /* Main.storyboard in Resources */,
				642142D91A859E18008B8743 /* stylesPrint.css in Resources */,
				642142E11A859E18008B8743 /* PushNotificationDelegate.html in Resources */,
				642142DD1A859E18008B8743 /* disclosure_open.png in Resources */,
				642142D71A859E18008B8743 /* PWSupportedOrientations.html in Resources */,
				642142D81A859E18008B8743 /* styles.css in Resources */,
				642142DC1A859E18008B8743 /* disclosure.png in Resources */,
				642142D51A859E18008B8743 /* PWTags.html in Resources */,
				642142991A85995A008B8743 /* LaunchScreen.xib in Resources */,
				642142E31A859E18008B8743 /* LICENSE in Resources */,
				642142D01A859E18008B8743 /* NSString+GTMNSStringHTMLAdditions.html in Resources */,
				642142D41A859E18008B8743 /* PWReachability.html in Resources */,
				642142D31A859E18008B8743 /* PWNetworkOperation.html in Resources */,
				642142DB1A859E18008B8743 /* button_bar_background.png in Resources */,
				642142CF1A859E18008B8743 /* NSDate+RFC1123.html in Resources */,
				642142DF1A859E18008B8743 /* title_background.png in Resources */,
				642142961A859959008B8743 /* Images.xcassets in Resources */,
				642142DA1A859E18008B8743 /* hierarchy.html in Resources */,
				642142D11A859E18008B8743 /* PushNotificationManager.html in Resources */,
			);
			runOnlyForDeploymentPostprocessing = 0;
		};
		6421429C1A85995A008B8743 /* Resources */ = {
			isa = PBXResourcesBuildPhase;
			buildActionMask = 2147483647;
			files = (
			);
			runOnlyForDeploymentPostprocessing = 0;
		};
/* End PBXResourcesBuildPhase section */

/* Begin PBXSourcesBuildPhase section */
		642142811A859959008B8743 /* Sources */ = {
			isa = PBXSourcesBuildPhase;
			buildActionMask = 2147483647;
			files = (
				642142911A859959008B8743 /* ViewController.m in Sources */,
				6421428E1A859959008B8743 /* AppDelegate.m in Sources */,
				642142E51A859E18008B8743 /* VERSION.md in Sources */,
				642142E41A859E18008B8743 /* README.md in Sources */,
				6421428B1A859959008B8743 /* main.m in Sources */,
			);
			runOnlyForDeploymentPostprocessing = 0;
		};
		6421429A1A85995A008B8743 /* Sources */ = {
			isa = PBXSourcesBuildPhase;
			buildActionMask = 2147483647;
			files = (
				642142A51A85995A008B8743 /* Oaxaca_PushTests.m in Sources */,
			);
			runOnlyForDeploymentPostprocessing = 0;
		};
/* End PBXSourcesBuildPhase section */

/* Begin PBXTargetDependency section */
		642142A01A85995A008B8743 /* PBXTargetDependency */ = {
			isa = PBXTargetDependency;
			target = 642142841A859959008B8743 /* Oaxaca Push */;
			targetProxy = 6421429F1A85995A008B8743 /* PBXContainerItemProxy */;
		};
/* End PBXTargetDependency section */

/* Begin PBXVariantGroup section */
		642142921A859959008B8743 /* Main.storyboard */ = {
			isa = PBXVariantGroup;
			children = (
				642142931A859959008B8743 /* Base */,
			);
			name = Main.storyboard;
			sourceTree = "<group>";
		};
		642142971A85995A008B8743 /* LaunchScreen.xib */ = {
			isa = PBXVariantGroup;
			children = (
				642142981A85995A008B8743 /* Base */,
			);
			name = LaunchScreen.xib;
			sourceTree = "<group>";
		};
/* End PBXVariantGroup section */

/* Begin XCBuildConfiguration section */
		642142A61A85995A008B8743 /* Debug */ = {
			isa = XCBuildConfiguration;
			buildSettings = {
				ALWAYS_SEARCH_USER_PATHS = NO;
				CLANG_CXX_LANGUAGE_STANDARD = "gnu++0x";
				CLANG_CXX_LIBRARY = "libc++";
				CLANG_ENABLE_MODULES = YES;
				CLANG_ENABLE_OBJC_ARC = YES;
				CLANG_WARN_BOOL_CONVERSION = YES;
				CLANG_WARN_CONSTANT_CONVERSION = YES;
				CLANG_WARN_DIRECT_OBJC_ISA_USAGE = YES_ERROR;
				CLANG_WARN_EMPTY_BODY = YES;
				CLANG_WARN_ENUM_CONVERSION = YES;
				CLANG_WARN_INT_CONVERSION = YES;
				CLANG_WARN_OBJC_ROOT_CLASS = YES_ERROR;
				CLANG_WARN_UNREACHABLE_CODE = YES;
				CLANG_WARN__DUPLICATE_METHOD_MATCH = YES;
				"CODE_SIGN_IDENTITY[sdk=iphoneos*]" = "iPhone Developer";
				COPY_PHASE_STRIP = NO;
				ENABLE_STRICT_OBJC_MSGSEND = YES;
				GCC_C_LANGUAGE_STANDARD = gnu99;
				GCC_DYNAMIC_NO_PIC = NO;
				GCC_OPTIMIZATION_LEVEL = 0;
				GCC_PREPROCESSOR_DEFINITIONS = (
					"DEBUG=1",
					"$(inherited)",
				);
				GCC_SYMBOLS_PRIVATE_EXTERN = NO;
				GCC_WARN_64_TO_32_BIT_CONVERSION = YES;
				GCC_WARN_ABOUT_RETURN_TYPE = YES_ERROR;
				GCC_WARN_UNDECLARED_SELECTOR = YES;
				GCC_WARN_UNINITIALIZED_AUTOS = YES_AGGRESSIVE;
				GCC_WARN_UNUSED_FUNCTION = YES;
				GCC_WARN_UNUSED_VARIABLE = YES;
				IPHONEOS_DEPLOYMENT_TARGET = 8.1;
				MTL_ENABLE_DEBUG_INFO = YES;
				ONLY_ACTIVE_ARCH = YES;
				SDKROOT = iphoneos;
			};
			name = Debug;
		};
		642142A71A85995A008B8743 /* Release */ = {
			isa = XCBuildConfiguration;
			buildSettings = {
				ALWAYS_SEARCH_USER_PATHS = NO;
				CLANG_CXX_LANGUAGE_STANDARD = "gnu++0x";
				CLANG_CXX_LIBRARY = "libc++";
				CLANG_ENABLE_MODULES = YES;
				CLANG_ENABLE_OBJC_ARC = YES;
				CLANG_WARN_BOOL_CONVERSION = YES;
				CLANG_WARN_CONSTANT_CONVERSION = YES;
				CLANG_WARN_DIRECT_OBJC_ISA_USAGE = YES_ERROR;
				CLANG_WARN_EMPTY_BODY = YES;
				CLANG_WARN_ENUM_CONVERSION = YES;
				CLANG_WARN_INT_CONVERSION = YES;
				CLANG_WARN_OBJC_ROOT_CLASS = YES_ERROR;
				CLANG_WARN_UNREACHABLE_CODE = YES;
				CLANG_WARN__DUPLICATE_METHOD_MATCH = YES;
				"CODE_SIGN_IDENTITY[sdk=iphoneos*]" = "iPhone Developer";
				COPY_PHASE_STRIP = YES;
				ENABLE_NS_ASSERTIONS = NO;
				ENABLE_STRICT_OBJC_MSGSEND = YES;
				GCC_C_LANGUAGE_STANDARD = gnu99;
				GCC_WARN_64_TO_32_BIT_CONVERSION = YES;
				GCC_WARN_ABOUT_RETURN_TYPE = YES_ERROR;
				GCC_WARN_UNDECLARED_SELECTOR = YES;
				GCC_WARN_UNINITIALIZED_AUTOS = YES_AGGRESSIVE;
				GCC_WARN_UNUSED_FUNCTION = YES;
				GCC_WARN_UNUSED_VARIABLE = YES;
				IPHONEOS_DEPLOYMENT_TARGET = 8.1;
				MTL_ENABLE_DEBUG_INFO = NO;
				SDKROOT = iphoneos;
				VALIDATE_PRODUCT = YES;
			};
			name = Release;
		};
		642142A91A85995A008B8743 /* Debug */ = {
			isa = XCBuildConfiguration;
			buildSettings = {
				ASSETCATALOG_COMPILER_APPICON_NAME = AppIcon;
				CODE_SIGN_IDENTITY = "iPhone Developer";
				FRAMEWORK_SEARCH_PATHS = (
					"$(inherited)",
					"$(PROJECT_DIR)/pushwoosh-ios-sdk-master/Framework",
				);
				INFOPLIST_FILE = "Oaxaca Push/Info.plist";
				LD_RUNPATH_SEARCH_PATHS = "$(inherited) @executable_path/Frameworks";
				OTHER_LDFLAGS = "-ObjC";
				PRODUCT_NAME = "$(TARGET_NAME)";
				PROVISIONING_PROFILE = "9b8b5438-2abc-4105-b7d5-e341dded3ffb";
			};
			name = Debug;
		};
		642142AA1A85995A008B8743 /* Release */ = {
			isa = XCBuildConfiguration;
			buildSettings = {
				ASSETCATALOG_COMPILER_APPICON_NAME = AppIcon;
				CODE_SIGN_IDENTITY = "iPhone Developer";
				FRAMEWORK_SEARCH_PATHS = (
					"$(inherited)",
					"$(PROJECT_DIR)/pushwoosh-ios-sdk-master/Framework",
				);
				INFOPLIST_FILE = "Oaxaca Push/Info.plist";
				LD_RUNPATH_SEARCH_PATHS = "$(inherited) @executable_path/Frameworks";
				OTHER_LDFLAGS = "-ObjC";
				PRODUCT_NAME = "$(TARGET_NAME)";
				PROVISIONING_PROFILE = "9b8b5438-2abc-4105-b7d5-e341dded3ffb";
			};
			name = Release;
		};
		642142AC1A85995A008B8743 /* Debug */ = {
			isa = XCBuildConfiguration;
			buildSettings = {
				BUNDLE_LOADER = "$(TEST_HOST)";
				FRAMEWORK_SEARCH_PATHS = (
					"$(SDKROOT)/Developer/Library/Frameworks",
					"$(inherited)",
				);
				GCC_PREPROCESSOR_DEFINITIONS = (
					"DEBUG=1",
					"$(inherited)",
				);
				INFOPLIST_FILE = "Oaxaca PushTests/Info.plist";
				LD_RUNPATH_SEARCH_PATHS = "$(inherited) @executable_path/Frameworks @loader_path/Frameworks";
				PRODUCT_NAME = "$(TARGET_NAME)";
				TEST_HOST = "$(BUILT_PRODUCTS_DIR)/Oaxaca Push.app/Oaxaca Push";
			};
			name = Debug;
		};
		642142AD1A85995A008B8743 /* Release */ = {
			isa = XCBuildConfiguration;
			buildSettings = {
				BUNDLE_LOADER = "$(TEST_HOST)";
				FRAMEWORK_SEARCH_PATHS = (
					"$(SDKROOT)/Developer/Library/Frameworks",
					"$(inherited)",
				);
				INFOPLIST_FILE = "Oaxaca PushTests/Info.plist";
				LD_RUNPATH_SEARCH_PATHS = "$(inherited) @executable_path/Frameworks @loader_path/Frameworks";
				PRODUCT_NAME = "$(TARGET_NAME)";
				TEST_HOST = "$(BUILT_PRODUCTS_DIR)/Oaxaca Push.app/Oaxaca Push";
			};
			name = Release;
		};
/* End XCBuildConfiguration section */

/* Begin XCConfigurationList section */
		642142801A859959008B8743 /* Build configuration list for PBXProject "Oaxaca Push" */ = {
			isa = XCConfigurationList;
			buildConfigurations = (
				642142A61A85995A008B8743 /* Debug */,
				642142A71A85995A008B8743 /* Release */,
			);
			defaultConfigurationIsVisible = 0;
			defaultConfigurationName = Release;
		};
		642142A81A85995A008B8743 /* Build configuration list for PBXNativeTarget "Oaxaca Push" */ = {
			isa = XCConfigurationList;
			buildConfigurations = (
				642142A91A85995A008B8743 /* Debug */,
				642142AA1A85995A008B8743 /* Release */,
			);
			defaultConfigurationIsVisible = 0;
			defaultConfigurationName = Release;
		};
		642142AB1A85995A008B8743 /* Build configuration list for PBXNativeTarget "Oaxaca PushTests" */ = {
			isa = XCConfigurationList;
			buildConfigurations = (
				642142AC1A85995A008B8743 /* Debug */,
				642142AD1A85995A008B8743 /* Release */,
			);
			defaultConfigurationIsVisible = 0;
			defaultConfigurationName = Release;
		};
/* End XCConfigurationList section */
	};
	rootObject = 6421427D1A859959008B8743 /* Project object */;
}
